
Microsoft Visual Studio Solution File, Format Version 12.00
# Visual Studio 15
VisualStudioVersion = 15.0.28307.572
MinimumVisualStudioVersion = 10.0.40219.1
Project("{FAE04EC0-301F-11D3-BF4B-00C04F79EFBC}") = "PersonalWebsite", "PersonalWebsite\PersonalWebsite.csproj", "{768E97FD-9CB1-46AD-A1FC-7DF263F5E41E}"
EndProject
Global
	GlobalSection(SolutionConfigurationPlatforms) = preSolution
		Debug|Any CPU = Debug|Any CPU
		Release|Any CPU = Release|Any CPU
	EndGlobalSection
	GlobalSection(ProjectConfigurationPlatforms) = postSolution
		{768E97FD-9CB1-46AD-A1FC-7DF263F5E41E}.Debug|Any CPU.ActiveCfg = Debug|Any CPU
		{768E97FD-9CB1-46AD-A1FC-7DF263F5E41E}.Debug|Any CPU.Build.0 = Debug|Any CPU
		{768E97FD-9CB1-46AD-A1FC-7DF263F5E41E}.Release|Any CPU.ActiveCfg = Release|Any CPU
		{768E97FD-9CB1-46AD-A1FC-7DF263F5E41E}.Release|Any CPU.Build.0 = Release|Any CPU
	EndGlobalSection
	GlobalSection(SolutionProperties) = preSolution
		HideSolutionNode = FALSE
	EndGlobalSection
	GlobalSection(ExtensibilityGlobals) = postSolution
		SolutionGuid = {0750B3CF-B271-498C-96D8-3597CE0AC0D8}
	EndGlobalSection
EndGlobal
